#MicroXplorer Configuration settings - do not modify
Dma.Request0=UART4_TX
Dma.Request1=USART1_RX
Dma.Request2=USART1_TX
Dma.Request3=USART2_TX
Dma.Request4=USART2_RX
Dma.Request5=USART3_RX
Dma.Request6=USART3_TX
Dma.Request7=SDMMC1_RX
Dma.Request8=SDMMC1_TX
Dma.RequestsNb=9
Dma.SDMMC1_RX.7.Direction=DMA_PERIPH_TO_MEMORY
Dma.SDMMC1_RX.7.Instance=DMA2_Channel4
Dma.SDMMC1_RX.7.MemDataAlignment=DMA_MDATAALIGN_WORD
Dma.SDMMC1_RX.7.MemInc=DMA_MINC_ENABLE
Dma.SDMMC1_RX.7.Mode=DMA_NORMAL
Dma.SDMMC1_RX.7.PeriphDataAlignment=DMA_PDATAALIGN_WORD
Dma.SDMMC1_RX.7.PeriphInc=DMA_PINC_DISABLE
Dma.SDMMC1_RX.7.Priority=DMA_PRIORITY_MEDIUM
Dma.SDMMC1_RX.7.RequestParameters=Instance,Direction,PeriphInc,MemInc,PeriphDataAlignment,MemDataAlignment,Mode,Priority
Dma.SDMMC1_TX.8.Direction=DMA_MEMORY_TO_PERIPH
Dma.SDMMC1_TX.8.Instance=DMA2_Channel5
Dma.SDMMC1_TX.8.MemDataAlignment=DMA_MDATAALIGN_WORD
Dma.SDMMC1_TX.8.MemInc=DMA_MINC_ENABLE
Dma.SDMMC1_TX.8.Mode=DMA_NORMAL
Dma.SDMMC1_TX.8.PeriphDataAlignment=DMA_PDATAALIGN_WORD
Dma.SDMMC1_TX.8.PeriphInc=DMA_PINC_DISABLE
Dma.SDMMC1_TX.8.Priority=DMA_PRIORITY_HIGH
Dma.SDMMC1_TX.8.RequestParameters=Instance,Direction,PeriphInc,MemInc,PeriphDataAlignment,MemDataAlignment,Mode,Priority
Dma.UART4_TX.0.Direction=DMA_MEMORY_TO_PERIPH
Dma.UART4_TX.0.Instance=DMA2_Channel3
Dma.UART4_TX.0.MemDataAlignment=DMA_MDATAALIGN_BYTE
Dma.UART4_TX.0.MemInc=DMA_MINC_ENABLE
Dma.UART4_TX.0.Mode=DMA_NORMAL
Dma.UART4_TX.0.PeriphDataAlignment=DMA_PDATAALIGN_BYTE
Dma.UART4_TX.0.PeriphInc=DMA_PINC_DISABLE
Dma.UART4_TX.0.Priority=DMA_PRIORITY_LOW
Dma.UART4_TX.0.RequestParameters=Instance,Direction,PeriphInc,MemInc,PeriphDataAlignment,MemDataAlignment,Mode,Priority
Dma.USART1_RX.1.Direction=DMA_PERIPH_TO_MEMORY
Dma.USART1_RX.1.Instance=DMA1_Channel5
Dma.USART1_RX.1.MemDataAlignment=DMA_MDATAALIGN_BYTE
Dma.USART1_RX.1.MemInc=DMA_MINC_ENABLE
Dma.USART1_RX.1.Mode=DMA_NORMAL
Dma.USART1_RX.1.PeriphDataAlignment=DMA_PDATAALIGN_BYTE
Dma.USART1_RX.1.PeriphInc=DMA_PINC_DISABLE
Dma.USART1_RX.1.Priority=DMA_PRIORITY_LOW
Dma.USART1_RX.1.RequestParameters=Instance,Direction,PeriphInc,MemInc,PeriphDataAlignment,MemDataAlignment,Mode,Priority
Dma.USART1_TX.2.Direction=DMA_MEMORY_TO_PERIPH
Dma.USART1_TX.2.Instance=DMA1_Channel4
Dma.USART1_TX.2.MemDataAlignment=DMA_MDATAALIGN_BYTE
Dma.USART1_TX.2.MemInc=DMA_MINC_ENABLE
Dma.USART1_TX.2.Mode=DMA_NORMAL
Dma.USART1_TX.2.PeriphDataAlignment=DMA_PDATAALIGN_BYTE
Dma.USART1_TX.2.PeriphInc=DMA_PINC_DISABLE
Dma.USART1_TX.2.Priority=DMA_PRIORITY_LOW
Dma.USART1_TX.2.RequestParameters=Instance,Direction,PeriphInc,MemInc,PeriphDataAlignment,MemDataAlignment,Mode,Priority
Dma.USART2_RX.4.Direction=DMA_PERIPH_TO_MEMORY
Dma.USART2_RX.4.Instance=DMA1_Channel6
Dma.USART2_RX.4.MemDataAlignment=DMA_MDATAALIGN_BYTE
Dma.USART2_RX.4.MemInc=DMA_MINC_ENABLE
Dma.USART2_RX.4.Mode=DMA_NORMAL
Dma.USART2_RX.4.PeriphDataAlignment=DMA_PDATAALIGN_BYTE
Dma.USART2_RX.4.PeriphInc=DMA_PINC_DISABLE
Dma.USART2_RX.4.Priority=DMA_PRIORITY_LOW
Dma.USART2_RX.4.RequestParameters=Instance,Direction,PeriphInc,MemInc,PeriphDataAlignment,MemDataAlignment,Mode,Priority
Dma.USART2_TX.3.Direction=DMA_MEMORY_TO_PERIPH
Dma.USART2_TX.3.Instance=DMA1_Channel7
Dma.USART2_TX.3.MemDataAlignment=DMA_MDATAALIGN_BYTE
Dma.USART2_TX.3.MemInc=DMA_MINC_ENABLE
Dma.USART2_TX.3.Mode=DMA_NORMAL
Dma.USART2_TX.3.PeriphDataAlignment=DMA_PDATAALIGN_BYTE
Dma.USART2_TX.3.PeriphInc=DMA_PINC_DISABLE
Dma.USART2_TX.3.Priority=DMA_PRIORITY_LOW
Dma.USART2_TX.3.RequestParameters=Instance,Direction,PeriphInc,MemInc,PeriphDataAlignment,MemDataAlignment,Mode,Priority
Dma.USART3_RX.5.Direction=DMA_PERIPH_TO_MEMORY
Dma.USART3_RX.5.Instance=DMA1_Channel3
Dma.USART3_RX.5.MemDataAlignment=DMA_MDATAALIGN_BYTE
Dma.USART3_RX.5.MemInc=DMA_MINC_ENABLE
Dma.USART3_RX.5.Mode=DMA_NORMAL
Dma.USART3_RX.5.PeriphDataAlignment=DMA_PDATAALIGN_BYTE
Dma.USART3_RX.5.PeriphInc=DMA_PINC_DISABLE
Dma.USART3_RX.5.Priority=DMA_PRIORITY_LOW
Dma.USART3_RX.5.RequestParameters=Instance,Direction,PeriphInc,MemInc,PeriphDataAlignment,MemDataAlignment,Mode,Priority
Dma.USART3_TX.6.Direction=DMA_MEMORY_TO_PERIPH
Dma.USART3_TX.6.Instance=DMA1_Channel2
Dma.USART3_TX.6.MemDataAlignment=DMA_MDATAALIGN_BYTE
Dma.USART3_TX.6.MemInc=DMA_MINC_ENABLE
Dma.USART3_TX.6.Mode=DMA_NORMAL
Dma.USART3_TX.6.PeriphDataAlignment=DMA_PDATAALIGN_BYTE
Dma.USART3_TX.6.PeriphInc=DMA_PINC_DISABLE
Dma.USART3_TX.6.Priority=DMA_PRIORITY_LOW
Dma.USART3_TX.6.RequestParameters=Instance,Direction,PeriphInc,MemInc,PeriphDataAlignment,MemDataAlignment,Mode,Priority
FREERTOS.IPParameters=Tasks01,configTOTAL_HEAP_SIZE
FREERTOS.Tasks01=defaultTask,0,128,StartDefaultTask,Default,NULL,Dynamic,NULL,NULL
FREERTOS.configTOTAL_HEAP_SIZE=5000
File.Version=6
GPIO.groupedBy=Group By Peripherals
KeepUserPlacement=false
Mcu.Family=STM32L4
Mcu.IP0=DMA
Mcu.IP1=FATFS
Mcu.IP10=TIM3
Mcu.IP11=UART4
Mcu.IP12=USART1
Mcu.IP13=USART2
Mcu.IP14=USART3
Mcu.IP2=FREERTOS
Mcu.IP3=IWDG
Mcu.IP4=NVIC
Mcu.IP5=RCC
Mcu.IP6=SDMMC1
Mcu.IP7=SYS
Mcu.IP8=TIM1
Mcu.IP9=TIM2
Mcu.IPNb=15
Mcu.Name=STM32L451R(C-E)Tx
Mcu.Package=LQFP64
Mcu.Pin0=PH0-OSC_IN (PH0)
Mcu.Pin1=PH1-OSC_OUT (PH1)
Mcu.Pin10=PB1
Mcu.Pin11=PC6
Mcu.Pin12=PC8
Mcu.Pin13=PC9
Mcu.Pin14=PA9
Mcu.Pin15=PA10
Mcu.Pin16=PA11
Mcu.Pin17=PA13 (JTMS/SWDIO)
Mcu.Pin18=PA14 (JTCK/SWCLK)
Mcu.Pin19=PA15 (JTDI)
Mcu.Pin2=PC3
Mcu.Pin20=PC10
Mcu.Pin21=PC11
Mcu.Pin22=PC12
Mcu.Pin23=PD2
Mcu.Pin24=PB4 (NJTRST)
Mcu.Pin25=PB5
Mcu.Pin26=PB8
Mcu.Pin27=PB9
Mcu.Pin28=VP_FATFS_VS_Generic
Mcu.Pin29=VP_FREERTOS_VS_CMSIS_V1
Mcu.Pin3=PA0
Mcu.Pin30=VP_IWDG_VS_IWDG
Mcu.Pin31=VP_SYS_VS_Systick
Mcu.Pin32=VP_TIM1_VS_ControllerModeClock
Mcu.Pin33=VP_TIM1_VS_ClockSourceITR
Mcu.Pin34=VP_TIM2_VS_ControllerModeClock
Mcu.Pin35=VP_TIM2_VS_ClockSourceITR
Mcu.Pin36=VP_TIM3_VS_ControllerModeClock
Mcu.Pin37=VP_TIM3_VS_ClockSourceITR
Mcu.Pin4=PA1
Mcu.Pin5=PA2
Mcu.Pin6=PA3
Mcu.Pin7=PC4
Mcu.Pin8=PC5
Mcu.Pin9=PB0
Mcu.PinsNb=38
Mcu.ThirdPartyNb=0
Mcu.UserConstants=
Mcu.UserName=STM32L451RETx
MxCube.Version=6.0.1
MxDb.Version=DB.6.0.0
NVIC.BusFault_IRQn=true\:0\:0\:false\:false\:true\:false\:false\:false
NVIC.DMA1_Channel2_IRQn=true\:5\:0\:false\:false\:true\:true\:false\:true
NVIC.DMA1_Channel3_IRQn=true\:5\:0\:false\:false\:true\:true\:false\:true
NVIC.DMA1_Channel4_IRQn=true\:5\:0\:false\:false\:true\:true\:false\:true
NVIC.DMA1_Channel5_IRQn=true\:5\:0\:false\:false\:true\:true\:false\:true
NVIC.DMA1_Channel6_IRQn=true\:5\:0\:false\:false\:true\:true\:false\:true
NVIC.DMA1_Channel7_IRQn=true\:5\:0\:false\:false\:true\:true\:false\:true
NVIC.DMA2_Channel3_IRQn=true\:5\:0\:false\:false\:true\:true\:false\:true
NVIC.DMA2_Channel4_IRQn=true\:5\:0\:false\:false\:true\:true\:false\:true
NVIC.DMA2_Channel5_IRQn=true\:5\:0\:false\:false\:true\:true\:false\:true
NVIC.DebugMonitor_IRQn=true\:0\:0\:false\:false\:true\:false\:false\:false
NVIC.ForceEnableDMAVector=true
NVIC.HardFault_IRQn=true\:0\:0\:false\:false\:true\:false\:false\:false
NVIC.MemoryManagement_IRQn=true\:0\:0\:false\:false\:true\:false\:false\:false
NVIC.NonMaskableInt_IRQn=true\:0\:0\:false\:false\:true\:false\:false\:false
NVIC.PendSV_IRQn=true\:15\:0\:false\:false\:false\:true\:false\:false
NVIC.PriorityGroup=NVIC_PRIORITYGROUP_4
NVIC.SDMMC1_IRQn=true\:5\:0\:false\:false\:true\:true\:true\:true
NVIC.SVCall_IRQn=true\:0\:0\:false\:false\:false\:false\:false\:false
NVIC.SavedPendsvIrqHandlerGenerated=true
NVIC.SavedSvcallIrqHandlerGenerated=true
NVIC.SavedSystickIrqHandlerGenerated=true
NVIC.SysTick_IRQn=true\:15\:0\:false\:false\:true\:true\:false\:true
NVIC.TIM2_IRQn=true\:5\:0\:false\:false\:true\:false\:true\:true
NVIC.TIM3_IRQn=true\:5\:0\:false\:false\:true\:false\:true\:true
NVIC.UART4_IRQn=true\:5\:0\:false\:false\:true\:false\:true\:true
NVIC.USART1_IRQn=true\:5\:0\:false\:false\:true\:false\:true\:true
NVIC.USART2_IRQn=true\:5\:0\:false\:false\:true\:false\:true\:true
NVIC.USART3_IRQn=true\:5\:0\:false\:false\:true\:false\:true\:true
NVIC.UsageFault_IRQn=true\:0\:0\:false\:false\:true\:false\:false\:false
PA0.Mode=Asynchronous
PA0.Signal=UART4_TX
PA1.Mode=Asynchronous
PA1.Signal=UART4_RX
PA10.Mode=Asynchronous
PA10.Signal=USART1_RX
PA11.Locked=true
PA11.Signal=S_TIM1_CH4
PA13\ (JTMS/SWDIO).Locked=true
PA13\ (JTMS/SWDIO).Signal=SYS_JTMS-SWDIO
PA14\ (JTCK/SWCLK).Locked=true
PA14\ (JTCK/SWCLK).Signal=SYS_JTCK-SWCLK
PA15\ (JTDI).GPIOParameters=GPIO_Speed,PinState,GPIO_PuPd,GPIO_ModeDefaultOutputPP
PA15\ (JTDI).GPIO_ModeDefaultOutputPP=GPIO_MODE_OUTPUT_PP
PA15\ (JTDI).GPIO_PuPd=GPIO_NOPULL
PA15\ (JTDI).GPIO_Speed=GPIO_SPEED_FREQ_LOW
PA15\ (JTDI).Locked=true
PA15\ (JTDI).PinState=GPIO_PIN_RESET
PA15\ (JTDI).Signal=GPIO_Output
PA2.Mode=Asynchronous
PA2.Signal=USART2_TX
PA3.Mode=Asynchronous
PA3.Signal=USART2_RX
PA9.Mode=Asynchronous
PA9.Signal=USART1_TX
PB0.GPIOParameters=GPIO_Speed,PinState,GPIO_PuPd,GPIO_ModeDefaultOutputPP
PB0.GPIO_ModeDefaultOutputPP=GPIO_MODE_OUTPUT_PP
PB0.GPIO_PuPd=GPIO_NOPULL
PB0.GPIO_Speed=GPIO_SPEED_FREQ_LOW
PB0.Locked=true
PB0.PinState=GPIO_PIN_RESET
PB0.Signal=GPIO_Output
PB1.Locked=true
PB1.Signal=TIM1_CH3N
PB4\ (NJTRST).GPIOParameters=GPIO_PuPd,GPIO_Label
PB4\ (NJTRST).GPIO_Label=SD_DETECT
PB4\ (NJTRST).GPIO_PuPd=GPIO_PULLUP
PB4\ (NJTRST).Locked=true
PB4\ (NJTRST).Signal=GPIO_Input
PB5.GPIOParameters=GPIO_PuPd,GPIO_Mode
PB5.GPIO_Mode=GPIO_MODE_INPUT
PB5.GPIO_PuPd=GPIO_NOPULL
PB5.Locked=true
PB5.Signal=GPIO_Input
PB8.GPIOParameters=GPIO_PuPd,GPIO_Mode
PB8.GPIO_Mode=GPIO_MODE_INPUT
PB8.GPIO_PuPd=GPIO_NOPULL
PB8.Locked=true
PB8.Signal=GPIO_Input
PB9.GPIOParameters=GPIO_Speed,PinState,GPIO_PuPd,GPIO_ModeDefaultOutputPP,GPIO_FM9
PB9.GPIO_FM9=__NULL
PB9.GPIO_ModeDefaultOutputPP=GPIO_MODE_OUTPUT_PP
PB9.GPIO_PuPd=GPIO_NOPULL
PB9.GPIO_Speed=GPIO_SPEED_FREQ_LOW
PB9.Locked=true
PB9.PinState=GPIO_PIN_RESET
PB9.Signal=GPIO_Output
PC10.Mode=SD_4_bits_Wide_bus
PC10.Signal=SDMMC1_D2
PC11.Mode=SD_4_bits_Wide_bus
PC11.Signal=SDMMC1_D3
PC12.Mode=SD_4_bits_Wide_bus
PC12.Signal=SDMMC1_CK
PC3.GPIOParameters=GPIO_PuPd,GPIO_Mode
PC3.GPIO_Mode=GPIO_MODE_INPUT
PC3.GPIO_PuPd=GPIO_NOPULL
PC3.Locked=true
PC3.Signal=GPIO_Input
PC4.Locked=true
PC4.Mode=Asynchronous
PC4.Signal=USART3_TX
PC5.Mode=Asynchronous
PC5.Signal=USART3_RX
PC6.Locked=true
PC6.Signal=S_TIM3_CH1
PC8.Locked=true
PC8.Mode=SD_4_bits_Wide_bus
PC8.Signal=SDMMC1_D0
PC9.Locked=true
PC9.Mode=SD_4_bits_Wide_bus
PC9.Signal=SDMMC1_D1
PD2.Mode=SD_4_bits_Wide_bus
PD2.Signal=SDMMC1_CMD
PH0-OSC_IN\ (PH0).Mode=HSE-External-Oscillator
PH0-OSC_IN\ (PH0).Signal=RCC_OSC_IN
PH1-OSC_OUT\ (PH1).Mode=HSE-External-Oscillator
PH1-OSC_OUT\ (PH1).Signal=RCC_OSC_OUT
PinOutPanel.RotationAngle=0
ProjectManager.AskForMigrate=true
ProjectManager.BackupPrevious=false
ProjectManager.CompilerOptimize=6
ProjectManager.ComputerToolchain=false
ProjectManager.CoupleFile=false
ProjectManager.CustomerFirmwarePackage=
ProjectManager.DefaultFWLocation=true
ProjectManager.DeletePrevious=true
ProjectManager.DeviceId=STM32L451RETx
ProjectManager.FirmwarePackage=STM32Cube FW_L4 V1.16.0
ProjectManager.FreePins=false
ProjectManager.HalAssertFull=false
ProjectManager.HeapSize=0x200
ProjectManager.KeepUserCode=true
ProjectManager.LastFirmware=true
ProjectManager.LibraryCopy=0
ProjectManager.MainLocation=Core/Src
ProjectManager.NoMain=false
ProjectManager.PreviousToolchain=
ProjectManager.ProjectBuild=false
ProjectManager.ProjectFileName=stm32L4_cubemx.ioc
ProjectManager.ProjectName=stm32L4_cubemx
ProjectManager.RegisterCallBack=
ProjectManager.StackSize=0x400
ProjectManager.TargetToolchain=MDK-ARM V5.27
ProjectManager.ToolChainLocation=
ProjectManager.UnderRoot=false
ProjectManager.functionlistsort=1-MX_GPIO_Init-GPIO-false-HAL-true,2-MX_DMA_Init-DMA-false-HAL-true,3-SystemClock_Config-RCC-false-HAL-false,4-MX_TIM1_Init-TIM1-false-HAL-true,5-MX_TIM2_Init-TIM2-false-HAL-true,6-MX_TIM3_Init-TIM3-false-HAL-true,7-MX_USART1_UART_Init-USART1-false-HAL-true,8-MX_USART2_UART_Init-USART2-false-HAL-true,9-MX_USART3_UART_Init-USART3-false-HAL-true,10-MX_FATFS_Init-FATFS-false-HAL-false,11-MX_SDMMC1_SD_Init-SDMMC1-false-HAL-true,12-MX_UART4_Init-UART4-false-HAL-true,13-MX_IWDG_Init-IWDG-false-HAL-true
RCC.ADCFreq_Value=80000000
RCC.AHBFreq_Value=80000000
RCC.APB1Freq_Value=80000000
RCC.APB1TimFreq_Value=80000000
RCC.APB2Freq_Value=80000000
RCC.APB2TimFreq_Value=80000000
RCC.CK48CLockSelection=RCC_USBCLKSOURCE_HSI48
RCC.CortexFreq_Value=80000000
RCC.DFSDMFreq_Value=80000000
RCC.FCLKCortexFreq_Value=80000000
RCC.FamilyName=M
RCC.HCLKFreq_Value=80000000
RCC.HSE_VALUE=16000000
RCC.HSI48_VALUE=48000000
RCC.HSI_VALUE=16000000
RCC.I2C1Freq_Value=80000000
RCC.I2C2Freq_Value=80000000
RCC.I2C3Freq_Value=80000000
RCC.I2C4Freq_Value=80000000
RCC.IPParameters=ADCFreq_Value,AHBFreq_Value,APB1Freq_Value,APB1TimFreq_Value,APB2Freq_Value,APB2TimFreq_Value,CK48CLockSelection,CortexFreq_Value,DFSDMFreq_Value,FCLKCortexFreq_Value,FamilyName,HCLKFreq_Value,HSE_VALUE,HSI48_VALUE,HSI_VALUE,I2C1Freq_Value,I2C2Freq_Value,I2C3Freq_Value,I2C4Freq_Value,LPTIM1Freq_Value,LPTIM2Freq_Value,LPUART1Freq_Value,LSCOPinFreq_Value,LSE_VALUE,LSI_VALUE,MCO1PinFreq_Value,MSI_VALUE,PLLN,PLLPoutputFreq_Value,PLLQoutputFreq_Value,PLLRCLKFreq_Value,PLLSAI1N,PLLSAI1PoutputFreq_Value,PLLSAI1QoutputFreq_Value,PLLSAI1RoutputFreq_Value,PLLSourceVirtual,PWRFreq_Value,RNGFreq_Value,SAI1Freq_Value,SDMMCFreq_Value,SYSCLKFreq_VALUE,SYSCLKSource,UART4Freq_Value,USART1Freq_Value,USART2Freq_Value,USART3Freq_Value,VCOInputFreq_Value,VCOOutputFreq_Value,VCOSAI1OutputFreq_Value
RCC.LPTIM1Freq_Value=80000000
RCC.LPTIM2Freq_Value=80000000
RCC.LPUART1Freq_Value=80000000
RCC.LSCOPinFreq_Value=32000
RCC.LSE_VALUE=32768
RCC.LSI_VALUE=32000
RCC.MCO1PinFreq_Value=80000000
RCC.MSI_VALUE=4000000
RCC.PLLN=10
RCC.PLLPoutputFreq_Value=22857142.85714286
RCC.PLLQoutputFreq_Value=80000000
RCC.PLLRCLKFreq_Value=80000000
RCC.PLLSAI1N=10
RCC.PLLSAI1PoutputFreq_Value=22857142.85714286
RCC.PLLSAI1QoutputFreq_Value=80000000
RCC.PLLSAI1RoutputFreq_Value=80000000
RCC.PLLSourceVirtual=RCC_PLLSOURCE_HSE
RCC.PWRFreq_Value=80000000
RCC.RNGFreq_Value=48000000
RCC.SAI1Freq_Value=22857142.85714286
RCC.SDMMCFreq_Value=48000000
RCC.SYSCLKFreq_VALUE=80000000
RCC.SYSCLKSource=RCC_SYSCLKSOURCE_PLLCLK
RCC.UART4Freq_Value=80000000
RCC.USART1Freq_Value=80000000
RCC.USART2Freq_Value=80000000
RCC.USART3Freq_Value=80000000
RCC.VCOInputFreq_Value=16000000
RCC.VCOOutputFreq_Value=160000000
RCC.VCOSAI1OutputFreq_Value=160000000
SH.S_TIM1_CH4.0=TIM1_CH4
SH.S_TIM1_CH4.ConfNb=1
SH.S_TIM3_CH1.0=TIM3_CH1
SH.S_TIM3_CH1.ConfNb=1
USART1.IPParameters=VirtualMode-Asynchronous
USART1.VirtualMode-Asynchronous=VM_ASYNC
USART2.IPParameters=VirtualMode-Asynchronous
USART2.VirtualMode-Asynchronous=VM_ASYNC
USART3.IPParameters=VirtualMode-Asynchronous
USART3.VirtualMode-Asynchronous=VM_ASYNC
VP_FATFS_VS_Generic.Mode=User_defined
VP_FATFS_VS_Generic.Signal=FATFS_VS_Generic
VP_FREERTOS_VS_CMSIS_V1.Mode=CMSIS_V1
VP_FREERTOS_VS_CMSIS_V1.Signal=FREERTOS_VS_CMSIS_V1
VP_IWDG_VS_IWDG.Mode=IWDG_Activate
VP_IWDG_VS_IWDG.Signal=IWDG_VS_IWDG
VP_SYS_VS_Systick.Mode=SysTick
VP_SYS_VS_Systick.Signal=SYS_VS_Systick
VP_TIM1_VS_ClockSourceITR.Mode=TriggerSource_ITR0
VP_TIM1_VS_ClockSourceITR.Signal=TIM1_VS_ClockSourceITR
VP_TIM1_VS_ControllerModeClock.Mode=Clock Mode
VP_TIM1_VS_ControllerModeClock.Signal=TIM1_VS_ControllerModeClock
VP_TIM2_VS_ClockSourceITR.Mode=TriggerSource_ITR0
VP_TIM2_VS_ClockSourceITR.Signal=TIM2_VS_ClockSourceITR
VP_TIM2_VS_ControllerModeClock.Mode=Clock Mode
VP_TIM2_VS_ControllerModeClock.Signal=TIM2_VS_ControllerModeClock
VP_TIM3_VS_ClockSourceITR.Mode=TriggerSource_ITR0
VP_TIM3_VS_ClockSourceITR.Signal=TIM3_VS_ClockSourceITR
VP_TIM3_VS_ControllerModeClock.Mode=Clock Mode
VP_TIM3_VS_ControllerModeClock.Signal=TIM3_VS_ControllerModeClock
board=custom
